// !$*UTF8*$!
{
	archiveVersion = 1;
	classes = {
	};
	objectVersion = 46;
	objects = {

/* Begin PBXBuildFile section */
		8B9AEABF166602CC0095B4F5 /* main.c in Sources */ = {isa = PBXBuildFile; fileRef = 8B9AEABE166602CC0095B4F5 /* main.c */; };
		8B9AEAC1166602CD0095B4F5 /* eagle.1 in CopyFiles */ = {isa = PBXBuildFile; fileRef = 8B9AEAC0166602CD0095B4F5 /* eagle.1 */; };
		8BA065AE166F454000991C6B /* EaglePageProvider.c in Sources */ = {isa = PBXBuildFile; fileRef = 8BA065AD166F454000991C6B /* EaglePageProvider.c */; };
		8BA065B3166F461300991C6B /* EagleWorker.c in Sources */ = {isa = PBXBuildFile; fileRef = 8BA065B2166F461300991C6B /* EagleWorker.c */; };
		8BA065B7166F473000991C6B /* EagleWorkers.c in Sources */ = {isa = PBXBuildFile; fileRef = 8BA065B6166F473000991C6B /* EagleWorkers.c */; };
		8BA065BA166F4CBC00991C6B /* EagleInstance.c in Sources */ = {isa = PBXBuildFile; fileRef = 8BA065B9166F4CBC00991C6B /* EagleInstance.c */; };
		8BA065BC166F4E3900991C6B /* EaglePage.c in Sources */ = {isa = PBXBuildFile; fileRef = 8BA065BB166F4E3900991C6B /* EaglePage.c */; };
		8BA065BF1670884C00991C6B /* EaglePageOperations.c in Sources */ = {isa = PBXBuildFile; fileRef = 8BA065BE1670884C00991C6B /* EaglePageOperations.c */; };
		8BA065C216708A4900991C6B /* EaglePageReceiver.c in Sources */ = {isa = PBXBuildFile; fileRef = 8BA065C116708A4900991C6B /* EaglePageReceiver.c */; };
		8BA065C51672D17000991C6B /* EagleData.c in Sources */ = {isa = PBXBuildFile; fileRef = 8BA065C41672D17000991C6B /* EagleData.c */; };
		8BA065C81672D20600991C6B /* EaglePlan.c in Sources */ = {isa = PBXBuildFile; fileRef = 8BA065C71672D20600991C6B /* EaglePlan.c */; };
		8BA065CB1672F21A00991C6B /* EaglePlanOperation.c in Sources */ = {isa = PBXBuildFile; fileRef = 8BA065CA1672F21A00991C6B /* EaglePlanOperation.c */; };
		8BA065D116740D3900991C6B /* EaglePlanBufferProvider.c in Sources */ = {isa = PBXBuildFile; fileRef = 8BA065D016740D3900991C6B /* EaglePlanBufferProvider.c */; };
		8BA065D41674278E00991C6B /* EaglePlanJob.c in Sources */ = {isa = PBXBuildFile; fileRef = 8BA065D31674278E00991C6B /* EaglePlanJob.c */; };
		8BA065E616743A7700991C6B /* main.c in Sources */ = {isa = PBXBuildFile; fileRef = 8BA065D6167437A900991C6B /* main.c */; };
		8BA065EA16743D1B00991C6B /* libcunit.a in Frameworks */ = {isa = PBXBuildFile; fileRef = 8BA065E916743D1A00991C6B /* libcunit.a */; };
		8BA065F1167442C600991C6B /* TestSuite.c in Sources */ = {isa = PBXBuildFile; fileRef = 8BA065F0167442C600991C6B /* TestSuite.c */; };
		8BA065F31674431300991C6B /* MainSuite.c in Sources */ = {isa = PBXBuildFile; fileRef = 8BA065F21674431300991C6B /* MainSuite.c */; };
		8BA065F416744D2F00991C6B /* EaglePageProvider.c in Sources */ = {isa = PBXBuildFile; fileRef = 8BA065AD166F454000991C6B /* EaglePageProvider.c */; };
		8BA065F516744D2F00991C6B /* EagleWorker.c in Sources */ = {isa = PBXBuildFile; fileRef = 8BA065B2166F461300991C6B /* EagleWorker.c */; };
		8BA065F616744D2F00991C6B /* EaglePage.c in Sources */ = {isa = PBXBuildFile; fileRef = 8BA065BB166F4E3900991C6B /* EaglePage.c */; };
		8BA065F716744D2F00991C6B /* EagleWorkers.c in Sources */ = {isa = PBXBuildFile; fileRef = 8BA065B6166F473000991C6B /* EagleWorkers.c */; };
		8BA065F816744D2F00991C6B /* EagleInstance.c in Sources */ = {isa = PBXBuildFile; fileRef = 8BA065B9166F4CBC00991C6B /* EagleInstance.c */; };
		8BA065F916744D2F00991C6B /* EaglePageOperations.c in Sources */ = {isa = PBXBuildFile; fileRef = 8BA065BE1670884C00991C6B /* EaglePageOperations.c */; };
		8BA065FA16744D2F00991C6B /* EaglePageReceiver.c in Sources */ = {isa = PBXBuildFile; fileRef = 8BA065C116708A4900991C6B /* EaglePageReceiver.c */; };
		8BA065FB16744D2F00991C6B /* EagleData.c in Sources */ = {isa = PBXBuildFile; fileRef = 8BA065C41672D17000991C6B /* EagleData.c */; };
		8BA065FC16744D2F00991C6B /* EaglePlan.c in Sources */ = {isa = PBXBuildFile; fileRef = 8BA065C71672D20600991C6B /* EaglePlan.c */; };
		8BA065FD16744D2F00991C6B /* EaglePlanOperation.c in Sources */ = {isa = PBXBuildFile; fileRef = 8BA065CA1672F21A00991C6B /* EaglePlanOperation.c */; };
		8BA065FE16744D2F00991C6B /* EaglePlanBufferProvider.c in Sources */ = {isa = PBXBuildFile; fileRef = 8BA065D016740D3900991C6B /* EaglePlanBufferProvider.c */; };
		8BA065FF16744D2F00991C6B /* EaglePlanJob.c in Sources */ = {isa = PBXBuildFile; fileRef = 8BA065D31674278E00991C6B /* EaglePlanJob.c */; };
/* End PBXBuildFile section */

/* Begin PBXCopyFilesBuildPhase section */
		8B9AEAB8166602CC0095B4F5 /* CopyFiles */ = {
			isa = PBXCopyFilesBuildPhase;
			buildActionMask = 2147483647;
			dstPath = /usr/share/man/man1/;
			dstSubfolderSpec = 0;
			files = (
				8B9AEAC1166602CD0095B4F5 /* eagle.1 in CopyFiles */,
			);
			runOnlyForDeploymentPostprocessing = 1;
		};
		8BA065DA1674399B00991C6B /* CopyFiles */ = {
			isa = PBXCopyFilesBuildPhase;
			buildActionMask = 2147483647;
			dstPath = /usr/share/man/man1/;
			dstSubfolderSpec = 0;
			files = (
			);
			runOnlyForDeploymentPostprocessing = 1;
		};
/* End PBXCopyFilesBuildPhase section */

/* Begin PBXFileReference section */
		8B9AEABA166602CC0095B4F5 /* eagle */ = {isa = PBXFileReference; explicitFileType = "compiled.mach-o.executable"; includeInIndex = 0; path = eagle; sourceTree = BUILT_PRODUCTS_DIR; };
		8B9AEABE166602CC0095B4F5 /* main.c */ = {isa = PBXFileReference; lastKnownFileType = sourcecode.c.c; path = main.c; sourceTree = "<group>"; };
		8B9AEAC0166602CD0095B4F5 /* eagle.1 */ = {isa = PBXFileReference; lastKnownFileType = text.man; path = eagle.1; sourceTree = "<group>"; };
		8BA065AD166F454000991C6B /* EaglePageProvider.c */ = {isa = PBXFileReference; fileEncoding = 4; lastKnownFileType = sourcecode.c.c; path = EaglePageProvider.c; sourceTree = "<group>"; };
		8BA065B0166F458E00991C6B /* EaglePageProvider.h */ = {isa = PBXFileReference; lastKnownFileType = sourcecode.c.h; path = EaglePageProvider.h; sourceTree = "<group>"; };
		8BA065B1166F45DE00991C6B /* EagleWorker.h */ = {isa = PBXFileReference; lastKnownFileType = sourcecode.c.h; path = EagleWorker.h; sourceTree = "<group>"; };
		8BA065B2166F461300991C6B /* EagleWorker.c */ = {isa = PBXFileReference; fileEncoding = 4; lastKnownFileType = sourcecode.c.c; path = EagleWorker.c; sourceTree = "<group>"; };
		8BA065B4166F466B00991C6B /* EaglePage.h */ = {isa = PBXFileReference; lastKnownFileType = sourcecode.c.h; path = EaglePage.h; sourceTree = "<group>"; };
		8BA065B5166F46E000991C6B /* EagleWorkers.h */ = {isa = PBXFileReference; lastKnownFileType = sourcecode.c.h; path = EagleWorkers.h; sourceTree = "<group>"; };
		8BA065B6166F473000991C6B /* EagleWorkers.c */ = {isa = PBXFileReference; fileEncoding = 4; lastKnownFileType = sourcecode.c.c; path = EagleWorkers.c; sourceTree = "<group>"; };
		8BA065B8166F4C3000991C6B /* EagleInstance.h */ = {isa = PBXFileReference; lastKnownFileType = sourcecode.c.h; path = EagleInstance.h; sourceTree = "<group>"; };
		8BA065B9166F4CBC00991C6B /* EagleInstance.c */ = {isa = PBXFileReference; fileEncoding = 4; lastKnownFileType = sourcecode.c.c; path = EagleInstance.c; sourceTree = "<group>"; };
		8BA065BB166F4E3900991C6B /* EaglePage.c */ = {isa = PBXFileReference; fileEncoding = 4; lastKnownFileType = sourcecode.c.c; path = EaglePage.c; sourceTree = "<group>"; };
		8BA065BD1670874D00991C6B /* EaglePageOperations.h */ = {isa = PBXFileReference; lastKnownFileType = sourcecode.c.h; path = EaglePageOperations.h; sourceTree = "<group>"; };
		8BA065BE1670884C00991C6B /* EaglePageOperations.c */ = {isa = PBXFileReference; fileEncoding = 4; lastKnownFileType = sourcecode.c.c; path = EaglePageOperations.c; sourceTree = "<group>"; };
		8BA065C0167089C700991C6B /* EaglePageReceiver.h */ = {isa = PBXFileReference; lastKnownFileType = sourcecode.c.h; path = EaglePageReceiver.h; sourceTree = "<group>"; };
		8BA065C116708A4900991C6B /* EaglePageReceiver.c */ = {isa = PBXFileReference; fileEncoding = 4; lastKnownFileType = sourcecode.c.c; path = EaglePageReceiver.c; sourceTree = "<group>"; };
		8BA065C31672D10F00991C6B /* EagleData.h */ = {isa = PBXFileReference; lastKnownFileType = sourcecode.c.h; path = EagleData.h; sourceTree = "<group>"; };
		8BA065C41672D17000991C6B /* EagleData.c */ = {isa = PBXFileReference; fileEncoding = 4; lastKnownFileType = sourcecode.c.c; path = EagleData.c; sourceTree = "<group>"; };
		8BA065C61672D1CA00991C6B /* EaglePlan.h */ = {isa = PBXFileReference; lastKnownFileType = sourcecode.c.h; path = EaglePlan.h; sourceTree = "<group>"; };
		8BA065C71672D20600991C6B /* EaglePlan.c */ = {isa = PBXFileReference; fileEncoding = 4; lastKnownFileType = sourcecode.c.c; path = EaglePlan.c; sourceTree = "<group>"; };
		8BA065C91672F1A700991C6B /* EaglePlanOperation.h */ = {isa = PBXFileReference; lastKnownFileType = sourcecode.c.h; path = EaglePlanOperation.h; sourceTree = "<group>"; };
		8BA065CA1672F21A00991C6B /* EaglePlanOperation.c */ = {isa = PBXFileReference; fileEncoding = 4; lastKnownFileType = sourcecode.c.c; path = EaglePlanOperation.c; sourceTree = "<group>"; };
		8BA065CF16740CEB00991C6B /* EaglePlanBufferProvider.h */ = {isa = PBXFileReference; lastKnownFileType = sourcecode.c.h; path = EaglePlanBufferProvider.h; sourceTree = "<group>"; };
		8BA065D016740D3900991C6B /* EaglePlanBufferProvider.c */ = {isa = PBXFileReference; fileEncoding = 4; lastKnownFileType = sourcecode.c.c; path = EaglePlanBufferProvider.c; sourceTree = "<group>"; };
		8BA065D2167426E900991C6B /* EaglePlanJob.h */ = {isa = PBXFileReference; lastKnownFileType = sourcecode.c.h; path = EaglePlanJob.h; sourceTree = "<group>"; };
		8BA065D31674278E00991C6B /* EaglePlanJob.c */ = {isa = PBXFileReference; fileEncoding = 4; lastKnownFileType = sourcecode.c.c; path = EaglePlanJob.c; sourceTree = "<group>"; };
		8BA065D6167437A900991C6B /* main.c */ = {isa = PBXFileReference; fileEncoding = 4; lastKnownFileType = sourcecode.c.c; name = main.c; path = test/main.c; sourceTree = "<group>"; };
		8BA065DC1674399B00991C6B /* eagle_test */ = {isa = PBXFileReference; explicitFileType = "compiled.mach-o.executable"; includeInIndex = 0; path = eagle_test; sourceTree = BUILT_PRODUCTS_DIR; };
		8BA065E916743D1A00991C6B /* libcunit.a */ = {isa = PBXFileReference; lastKnownFileType = archive.ar; name = libcunit.a; path = /usr/local/lib/libcunit.a; sourceTree = "<absolute>"; };
		8BA065EC167440DC00991C6B /* MainSuite.h */ = {isa = PBXFileReference; fileEncoding = 4; lastKnownFileType = sourcecode.c.h; name = MainSuite.h; path = test/MainSuite.h; sourceTree = "<group>"; };
		8BA065EF1674428500991C6B /* TestSuite.h */ = {isa = PBXFileReference; lastKnownFileType = sourcecode.c.h; name = TestSuite.h; path = test/TestSuite.h; sourceTree = "<group>"; };
		8BA065F0167442C600991C6B /* TestSuite.c */ = {isa = PBXFileReference; fileEncoding = 4; lastKnownFileType = sourcecode.c.c; name = TestSuite.c; path = test/TestSuite.c; sourceTree = "<group>"; };
		8BA065F21674431300991C6B /* MainSuite.c */ = {isa = PBXFileReference; fileEncoding = 4; lastKnownFileType = sourcecode.c.c; name = MainSuite.c; path = test/MainSuite.c; sourceTree = "<group>"; };
/* End PBXFileReference section */

/* Begin PBXFrameworksBuildPhase section */
		8B9AEAB7166602CC0095B4F5 /* Frameworks */ = {
			isa = PBXFrameworksBuildPhase;
			buildActionMask = 2147483647;
			files = (
			);
			runOnlyForDeploymentPostprocessing = 0;
		};
		8BA065D91674399B00991C6B /* Frameworks */ = {
			isa = PBXFrameworksBuildPhase;
			buildActionMask = 2147483647;
			files = (
				8BA065EA16743D1B00991C6B /* libcunit.a in Frameworks */,
			);
			runOnlyForDeploymentPostprocessing = 0;
		};
/* End PBXFrameworksBuildPhase section */

/* Begin PBXGroup section */
		8B9AEAAF166602CC0095B4F5 = {
			isa = PBXGroup;
			children = (
				8BA065D51674377F00991C6B /* test */,
				8B9AEABD166602CC0095B4F5 /* eagle */,
				8B9AEABB166602CC0095B4F5 /* Products */,
			);
			sourceTree = "<group>";
		};
		8B9AEABB166602CC0095B4F5 /* Products */ = {
			isa = PBXGroup;
			children = (
				8B9AEABA166602CC0095B4F5 /* eagle */,
				8BA065DC1674399B00991C6B /* eagle_test */,
			);
			name = Products;
			sourceTree = "<group>";
		};
		8B9AEABD166602CC0095B4F5 /* eagle */ = {
			isa = PBXGroup;
			children = (
				8B9AEABE166602CC0095B4F5 /* main.c */,
				8B9AEAC0166602CD0095B4F5 /* eagle.1 */,
				8BA065B0166F458E00991C6B /* EaglePageProvider.h */,
				8BA065AD166F454000991C6B /* EaglePageProvider.c */,
				8BA065B1166F45DE00991C6B /* EagleWorker.h */,
				8BA065B2166F461300991C6B /* EagleWorker.c */,
				8BA065B4166F466B00991C6B /* EaglePage.h */,
				8BA065BB166F4E3900991C6B /* EaglePage.c */,
				8BA065B5166F46E000991C6B /* EagleWorkers.h */,
				8BA065B6166F473000991C6B /* EagleWorkers.c */,
				8BA065B8166F4C3000991C6B /* EagleInstance.h */,
				8BA065B9166F4CBC00991C6B /* EagleInstance.c */,
				8BA065BD1670874D00991C6B /* EaglePageOperations.h */,
				8BA065BE1670884C00991C6B /* EaglePageOperations.c */,
				8BA065C0167089C700991C6B /* EaglePageReceiver.h */,
				8BA065C116708A4900991C6B /* EaglePageReceiver.c */,
				8BA065C31672D10F00991C6B /* EagleData.h */,
				8BA065C41672D17000991C6B /* EagleData.c */,
				8BA065C61672D1CA00991C6B /* EaglePlan.h */,
				8BA065C71672D20600991C6B /* EaglePlan.c */,
				8BA065C91672F1A700991C6B /* EaglePlanOperation.h */,
				8BA065CA1672F21A00991C6B /* EaglePlanOperation.c */,
				8BA065CF16740CEB00991C6B /* EaglePlanBufferProvider.h */,
				8BA065D016740D3900991C6B /* EaglePlanBufferProvider.c */,
				8BA065D2167426E900991C6B /* EaglePlanJob.h */,
				8BA065D31674278E00991C6B /* EaglePlanJob.c */,
			);
			path = eagle;
			sourceTree = "<group>";
		};
		8BA065D51674377F00991C6B /* test */ = {
			isa = PBXGroup;
			children = (
				8BA065E916743D1A00991C6B /* libcunit.a */,
				8BA065D6167437A900991C6B /* main.c */,
				8BA065EF1674428500991C6B /* TestSuite.h */,
				8BA065F0167442C600991C6B /* TestSuite.c */,
				8BA065EC167440DC00991C6B /* MainSuite.h */,
				8BA065F21674431300991C6B /* MainSuite.c */,
			);
			name = test;
			sourceTree = "<group>";
		};
/* End PBXGroup section */

/* Begin PBXNativeTarget section */
		8B9AEAB9166602CC0095B4F5 /* eagle */ = {
			isa = PBXNativeTarget;
			buildConfigurationList = 8B9AEAC4166602CD0095B4F5 /* Build configuration list for PBXNativeTarget "eagle" */;
			buildPhases = (
				8B9AEAB6166602CC0095B4F5 /* Sources */,
				8B9AEAB7166602CC0095B4F5 /* Frameworks */,
				8B9AEAB8166602CC0095B4F5 /* CopyFiles */,
			);
			buildRules = (
			);
			dependencies = (
			);
			name = eagle;
			productName = eagle;
			productReference = 8B9AEABA166602CC0095B4F5 /* eagle */;
			productType = "com.apple.product-type.tool";
		};
		8BA065DB1674399B00991C6B /* eagle_test */ = {
			isa = PBXNativeTarget;
			buildConfigurationList = 8BA065E31674399B00991C6B /* Build configuration list for PBXNativeTarget "eagle_test" */;
			buildPhases = (
				8BA065D81674399B00991C6B /* Sources */,
				8BA065D91674399B00991C6B /* Frameworks */,
				8BA065DA1674399B00991C6B /* CopyFiles */,
				8BA06600167457E900991C6B /* ShellScript */,
			);
			buildRules = (
			);
			dependencies = (
			);
			name = eagle_test;
			productName = eagle_test;
			productReference = 8BA065DC1674399B00991C6B /* eagle_test */;
			productType = "com.apple.product-type.tool";
		};
/* End PBXNativeTarget section */

/* Begin PBXProject section */
		8B9AEAB1166602CC0095B4F5 /* Project object */ = {
			isa = PBXProject;
			attributes = {
				LastUpgradeCheck = 0450;
				ORGANIZATIONNAME = "Elliot Chance";
			};
			buildConfigurationList = 8B9AEAB4166602CC0095B4F5 /* Build configuration list for PBXProject "eagle" */;
			compatibilityVersion = "Xcode 3.2";
			developmentRegion = English;
			hasScannedForEncodings = 0;
			knownRegions = (
				en,
			);
			mainGroup = 8B9AEAAF166602CC0095B4F5;
			productRefGroup = 8B9AEABB166602CC0095B4F5 /* Products */;
			projectDirPath = "";
			projectRoot = "";
			targets = (
				8B9AEAB9166602CC0095B4F5 /* eagle */,
				8BA065DB1674399B00991C6B /* eagle_test */,
			);
		};
/* End PBXProject section */

/* Begin PBXShellScriptBuildPhase section */
		8BA06600167457E900991C6B /* ShellScript */ = {
			isa = PBXShellScriptBuildPhase;
			buildActionMask = 2147483647;
			files = (
			);
			inputPaths = (
			);
			outputPaths = (
			);
			runOnlyForDeploymentPostprocessing = 0;
			shellPath = /bin/bash;
			shellScript = "geninfo --no-checksum --base-directory ${OBJROOT} --output-filename coverage.info ${OBJROOT}\n/usr/bin/php cov.php\ngenhtml -o coverage coverage.info";
		};
/* End PBXShellScriptBuildPhase section */

/* Begin PBXSourcesBuildPhase section */
		8B9AEAB6166602CC0095B4F5 /* Sources */ = {
			isa = PBXSourcesBuildPhase;
			buildActionMask = 2147483647;
			files = (
				8B9AEABF166602CC0095B4F5 /* main.c in Sources */,
				8BA065AE166F454000991C6B /* EaglePageProvider.c in Sources */,
				8BA065B3166F461300991C6B /* EagleWorker.c in Sources */,
				8BA065B7166F473000991C6B /* EagleWorkers.c in Sources */,
				8BA065BA166F4CBC00991C6B /* EagleInstance.c in Sources */,
				8BA065BC166F4E3900991C6B /* EaglePage.c in Sources */,
				8BA065BF1670884C00991C6B /* EaglePageOperations.c in Sources */,
				8BA065C216708A4900991C6B /* EaglePageReceiver.c in Sources */,
				8BA065C51672D17000991C6B /* EagleData.c in Sources */,
				8BA065C81672D20600991C6B /* EaglePlan.c in Sources */,
				8BA065CB1672F21A00991C6B /* EaglePlanOperation.c in Sources */,
				8BA065D116740D3900991C6B /* EaglePlanBufferProvider.c in Sources */,
				8BA065D41674278E00991C6B /* EaglePlanJob.c in Sources */,
			);
			runOnlyForDeploymentPostprocessing = 0;
		};
		8BA065D81674399B00991C6B /* Sources */ = {
			isa = PBXSourcesBuildPhase;
			buildActionMask = 2147483647;
			files = (
				8BA065F416744D2F00991C6B /* EaglePageProvider.c in Sources */,
				8BA065F516744D2F00991C6B /* EagleWorker.c in Sources */,
				8BA065F616744D2F00991C6B /* EaglePage.c in Sources */,
				8BA065F716744D2F00991C6B /* EagleWorkers.c in Sources */,
				8BA065F816744D2F00991C6B /* EagleInstance.c in Sources */,
				8BA065F916744D2F00991C6B /* EaglePageOperations.c in Sources */,
				8BA065FA16744D2F00991C6B /* EaglePageReceiver.c in Sources */,
				8BA065FB16744D2F00991C6B /* EagleData.c in Sources */,
				8BA065FC16744D2F00991C6B /* EaglePlan.c in Sources */,
				8BA065FD16744D2F00991C6B /* EaglePlanOperation.c in Sources */,
				8BA065FE16744D2F00991C6B /* EaglePlanBufferProvider.c in Sources */,
				8BA065FF16744D2F00991C6B /* EaglePlanJob.c in Sources */,
				8BA065E616743A7700991C6B /* main.c in Sources */,
				8BA065F1167442C600991C6B /* TestSuite.c in Sources */,
				8BA065F31674431300991C6B /* MainSuite.c in Sources */,
			);
			runOnlyForDeploymentPostprocessing = 0;
		};
/* End PBXSourcesBuildPhase section */

/* Begin XCBuildConfiguration section */
		8B9AEAC2166602CD0095B4F5 /* Debug */ = {
			isa = XCBuildConfiguration;
			buildSettings = {
				ALWAYS_SEARCH_USER_PATHS = NO;
				ARCHS = "$(ARCHS_STANDARD_64_BIT)";
				CLANG_CXX_LANGUAGE_STANDARD = "gnu++0x";
				CLANG_CXX_LIBRARY = "libc++";
				CLANG_WARN_EMPTY_BODY = YES;
				CLANG_WARN__DUPLICATE_METHOD_MATCH = YES;
				COPY_PHASE_STRIP = NO;
				GCC_C_LANGUAGE_STANDARD = gnu99;
				GCC_DYNAMIC_NO_PIC = NO;
				GCC_ENABLE_OBJC_EXCEPTIONS = YES;
				GCC_OPTIMIZATION_LEVEL = 0;
				GCC_PREPROCESSOR_DEFINITIONS = (
					"DEBUG=1",
					"$(inherited)",
				);
				GCC_SYMBOLS_PRIVATE_EXTERN = NO;
				GCC_WARN_64_TO_32_BIT_CONVERSION = YES;
				GCC_WARN_ABOUT_RETURN_TYPE = YES;
				GCC_WARN_UNINITIALIZED_AUTOS = YES;
				GCC_WARN_UNUSED_VARIABLE = YES;
				MACOSX_DEPLOYMENT_TARGET = 10.8;
				ONLY_ACTIVE_ARCH = YES;
				SDKROOT = macosx;
			};
			name = Debug;
		};
		8B9AEAC3166602CD0095B4F5 /* Release */ = {
			isa = XCBuildConfiguration;
			buildSettings = {
				ALWAYS_SEARCH_USER_PATHS = NO;
				ARCHS = "$(ARCHS_STANDARD_64_BIT)";
				CLANG_CXX_LANGUAGE_STANDARD = "gnu++0x";
				CLANG_CXX_LIBRARY = "libc++";
				CLANG_WARN_EMPTY_BODY = YES;
				CLANG_WARN__DUPLICATE_METHOD_MATCH = YES;
				COPY_PHASE_STRIP = YES;
				DEBUG_INFORMATION_FORMAT = "dwarf-with-dsym";
				GCC_C_LANGUAGE_STANDARD = gnu99;
				GCC_ENABLE_OBJC_EXCEPTIONS = YES;
				GCC_WARN_64_TO_32_BIT_CONVERSION = YES;
				GCC_WARN_ABOUT_RETURN_TYPE = YES;
				GCC_WARN_UNINITIALIZED_AUTOS = YES;
				GCC_WARN_UNUSED_VARIABLE = YES;
				MACOSX_DEPLOYMENT_TARGET = 10.8;
				SDKROOT = macosx;
			};
			name = Release;
		};
		8B9AEAC5166602CD0095B4F5 /* Debug */ = {
			isa = XCBuildConfiguration;
			buildSettings = {
				PRODUCT_NAME = "$(TARGET_NAME)";
			};
			name = Debug;
		};
		8B9AEAC6166602CD0095B4F5 /* Release */ = {
			isa = XCBuildConfiguration;
			buildSettings = {
				PRODUCT_NAME = "$(TARGET_NAME)";
			};
			name = Release;
		};
		8BA065E41674399B00991C6B /* Debug */ = {
			isa = XCBuildConfiguration;
			buildSettings = {
				GCC_GENERATE_TEST_COVERAGE_FILES = YES;
				GCC_INSTRUMENT_PROGRAM_FLOW_ARCS = YES;
				HEADER_SEARCH_PATHS = /usr/local/include;
				LIBRARY_SEARCH_PATHS = /usr/local/lib;
				OTHER_CFLAGS = "-lgcov";
				PRODUCT_NAME = "$(TARGET_NAME)";
			};
			name = Debug;
		};
		8BA065E51674399B00991C6B /* Release */ = {
			isa = XCBuildConfiguration;
			buildSettings = {
				GCC_GENERATE_TEST_COVERAGE_FILES = YES;
				GCC_INSTRUMENT_PROGRAM_FLOW_ARCS = YES;
				HEADER_SEARCH_PATHS = /usr/local/include;
				LIBRARY_SEARCH_PATHS = /usr/local/lib;
				OTHER_CFLAGS = "-lgcov";
				PRODUCT_NAME = "$(TARGET_NAME)";
			};
			name = Release;
		};
/* End XCBuildConfiguration section */

/* Begin XCConfigurationList section */
		8B9AEAB4166602CC0095B4F5 /* Build configuration list for PBXProject "eagle" */ = {
			isa = XCConfigurationList;
			buildConfigurations = (
				8B9AEAC2166602CD0095B4F5 /* Debug */,
				8B9AEAC3166602CD0095B4F5 /* Release */,
			);
			defaultConfigurationIsVisible = 0;
			defaultConfigurationName = Release;
		};
		8B9AEAC4166602CD0095B4F5 /* Build configuration list for PBXNativeTarget "eagle" */ = {
			isa = XCConfigurationList;
			buildConfigurations = (
				8B9AEAC5166602CD0095B4F5 /* Debug */,
				8B9AEAC6166602CD0095B4F5 /* Release */,
			);
			defaultConfigurationIsVisible = 0;
			defaultConfigurationName = Release;
		};
		8BA065E31674399B00991C6B /* Build configuration list for PBXNativeTarget "eagle_test" */ = {
			isa = XCConfigurationList;
			buildConfigurations = (
				8BA065E41674399B00991C6B /* Debug */,
				8BA065E51674399B00991C6B /* Release */,
			);
			defaultConfigurationIsVisible = 0;
		};
/* End XCConfigurationList section */
	};
	rootObject = 8B9AEAB1166602CC0095B4F5 /* Project object */;
}
