// !$*UTF8*$!
{
	archiveVersion = 1;
	classes = {
	};
	objectVersion = 46;
	objects = {

/* Begin PBXBuildFile section */
		8B1BF7D81675D79A007C11E6 /* sql.l in Sources */ = {isa = PBXBuildFile; fileRef = 8B1BF7C21675852E007C11E6 /* sql.l */; };
		8B1BF7D91675D79A007C11E6 /* sql.y in Sources */ = {isa = PBXBuildFile; fileRef = 8B1BF7C51675852E007C11E6 /* sql.y */; };
		8B1BF7DC1675D7E0007C11E6 /* libsqlparser.a in Frameworks */ = {isa = PBXBuildFile; fileRef = 8B1BF7D31675D752007C11E6 /* libsqlparser.a */; };
		8B1BF7E41675DC6A007C11E6 /* sql.l in Sources */ = {isa = PBXBuildFile; fileRef = 8B1BF7C21675852E007C11E6 /* sql.l */; };
		8B1BF7E51675DC6A007C11E6 /* sql.y in Sources */ = {isa = PBXBuildFile; fileRef = 8B1BF7C51675852E007C11E6 /* sql.y */; };
		8B1BF7E71675DD09007C11E6 /* EagleDbSqlSelect.c in Sources */ = {isa = PBXBuildFile; fileRef = 8B1BF7E61675DD09007C11E6 /* EagleDbSqlSelect.c */; };
		8B1BF7E81675DD09007C11E6 /* EagleDbSqlSelect.c in Sources */ = {isa = PBXBuildFile; fileRef = 8B1BF7E61675DD09007C11E6 /* EagleDbSqlSelect.c */; };
		8B1BF7EC1675F7AA007C11E6 /* EagleDbSqlValue.c in Sources */ = {isa = PBXBuildFile; fileRef = 8B1BF7EB1675F7AA007C11E6 /* EagleDbSqlValue.c */; };
		8B1BF7ED1675F7AA007C11E6 /* EagleDbSqlValue.c in Sources */ = {isa = PBXBuildFile; fileRef = 8B1BF7EB1675F7AA007C11E6 /* EagleDbSqlValue.c */; };
		8B1BF7F416770297007C11E6 /* EagleDbSqlBinaryExpression.c in Sources */ = {isa = PBXBuildFile; fileRef = 8B1BF7F316770297007C11E6 /* EagleDbSqlBinaryExpression.c */; };
		8B1BF7F516770297007C11E6 /* EagleDbSqlBinaryExpression.c in Sources */ = {isa = PBXBuildFile; fileRef = 8B1BF7F316770297007C11E6 /* EagleDbSqlBinaryExpression.c */; };
		8B1BF7F8167734FD007C11E6 /* EagleSynchronizer.c in Sources */ = {isa = PBXBuildFile; fileRef = 8B1BF7F7167734FC007C11E6 /* EagleSynchronizer.c */; };
		8B1BF7F9167734FD007C11E6 /* EagleSynchronizer.c in Sources */ = {isa = PBXBuildFile; fileRef = 8B1BF7F7167734FC007C11E6 /* EagleSynchronizer.c */; };
		8B1BF7FF16777633007C11E6 /* EagleDbSqlExpression.c in Sources */ = {isa = PBXBuildFile; fileRef = 8B1BF7FE16777633007C11E6 /* EagleDbSqlExpression.c */; };
		8B1BF80016777633007C11E6 /* EagleDbSqlExpression.c in Sources */ = {isa = PBXBuildFile; fileRef = 8B1BF7FE16777633007C11E6 /* EagleDbSqlExpression.c */; };
		8B1BF809167A9A6C007C11E6 /* EagleDbTable.c in Sources */ = {isa = PBXBuildFile; fileRef = 8B1BF808167A9A6C007C11E6 /* EagleDbTable.c */; };
		8B1BF80A167A9A6C007C11E6 /* EagleDbTable.c in Sources */ = {isa = PBXBuildFile; fileRef = 8B1BF808167A9A6C007C11E6 /* EagleDbTable.c */; };
		8B1BF80D167A9EB0007C11E6 /* EagleDbColumn.c in Sources */ = {isa = PBXBuildFile; fileRef = 8B1BF80C167A9EB0007C11E6 /* EagleDbColumn.c */; };
		8B1BF80E167A9EB0007C11E6 /* EagleDbColumn.c in Sources */ = {isa = PBXBuildFile; fileRef = 8B1BF80C167A9EB0007C11E6 /* EagleDbColumn.c */; };
		8B61FC651675787B00EB6CF9 /* libcunit.1.dylib in Frameworks */ = {isa = PBXBuildFile; fileRef = 8B61FC641675787B00EB6CF9 /* libcunit.1.dylib */; };
		8BD9E41F16757166005C3BDE /* main.c in Sources */ = {isa = PBXBuildFile; fileRef = 8BD9E3FC16756FF4005C3BDE /* main.c */; };
		8BD9E42016757166005C3BDE /* EagleData.c in Sources */ = {isa = PBXBuildFile; fileRef = 8BD9E3DB16756FF4005C3BDE /* EagleData.c */; };
		8BD9E42216757166005C3BDE /* EagleInstance.c in Sources */ = {isa = PBXBuildFile; fileRef = 8BD9E3DD16756FF4005C3BDE /* EagleInstance.c */; };
		8BD9E42416757166005C3BDE /* EaglePage.c in Sources */ = {isa = PBXBuildFile; fileRef = 8BD9E3DF16756FF4005C3BDE /* EaglePage.c */; };
		8BD9E42616757166005C3BDE /* EaglePageOperations.c in Sources */ = {isa = PBXBuildFile; fileRef = 8BD9E3E116756FF4005C3BDE /* EaglePageOperations.c */; };
		8BD9E42816757166005C3BDE /* EaglePageProvider.c in Sources */ = {isa = PBXBuildFile; fileRef = 8BD9E3E316756FF4005C3BDE /* EaglePageProvider.c */; };
		8BD9E42A16757166005C3BDE /* EaglePageReceiver.c in Sources */ = {isa = PBXBuildFile; fileRef = 8BD9E3E516756FF4005C3BDE /* EaglePageReceiver.c */; };
		8BD9E42C16757166005C3BDE /* EaglePlan.c in Sources */ = {isa = PBXBuildFile; fileRef = 8BD9E3E716756FF4005C3BDE /* EaglePlan.c */; };
		8BD9E42E16757166005C3BDE /* EaglePlanBufferProvider.c in Sources */ = {isa = PBXBuildFile; fileRef = 8BD9E3E916756FF4005C3BDE /* EaglePlanBufferProvider.c */; };
		8BD9E43016757166005C3BDE /* EaglePlanJob.c in Sources */ = {isa = PBXBuildFile; fileRef = 8BD9E3EB16756FF4005C3BDE /* EaglePlanJob.c */; };
		8BD9E43216757166005C3BDE /* EaglePlanOperation.c in Sources */ = {isa = PBXBuildFile; fileRef = 8BD9E3ED16756FF4005C3BDE /* EaglePlanOperation.c */; };
		8BD9E43516757166005C3BDE /* EagleWorker.c in Sources */ = {isa = PBXBuildFile; fileRef = 8BD9E3F016756FF4005C3BDE /* EagleWorker.c */; };
		8BD9E43716757166005C3BDE /* EagleWorkers.c in Sources */ = {isa = PBXBuildFile; fileRef = 8BD9E3F216756FF4005C3BDE /* EagleWorkers.c */; };
		8BD9E43E1675729A005C3BDE /* EagleData.c in Sources */ = {isa = PBXBuildFile; fileRef = 8BD9E3DB16756FF4005C3BDE /* EagleData.c */; };
		8BD9E43F1675729A005C3BDE /* EagleInstance.c in Sources */ = {isa = PBXBuildFile; fileRef = 8BD9E3DD16756FF4005C3BDE /* EagleInstance.c */; };
		8BD9E4401675729A005C3BDE /* EaglePage.c in Sources */ = {isa = PBXBuildFile; fileRef = 8BD9E3DF16756FF4005C3BDE /* EaglePage.c */; };
		8BD9E4411675729A005C3BDE /* EaglePageOperations.c in Sources */ = {isa = PBXBuildFile; fileRef = 8BD9E3E116756FF4005C3BDE /* EaglePageOperations.c */; };
		8BD9E4421675729A005C3BDE /* EaglePageProvider.c in Sources */ = {isa = PBXBuildFile; fileRef = 8BD9E3E316756FF4005C3BDE /* EaglePageProvider.c */; };
		8BD9E4431675729A005C3BDE /* EaglePageReceiver.c in Sources */ = {isa = PBXBuildFile; fileRef = 8BD9E3E516756FF4005C3BDE /* EaglePageReceiver.c */; };
		8BD9E4441675729A005C3BDE /* EaglePlan.c in Sources */ = {isa = PBXBuildFile; fileRef = 8BD9E3E716756FF4005C3BDE /* EaglePlan.c */; };
		8BD9E4451675729A005C3BDE /* EaglePlanBufferProvider.c in Sources */ = {isa = PBXBuildFile; fileRef = 8BD9E3E916756FF4005C3BDE /* EaglePlanBufferProvider.c */; };
		8BD9E4461675729A005C3BDE /* EaglePlanJob.c in Sources */ = {isa = PBXBuildFile; fileRef = 8BD9E3EB16756FF4005C3BDE /* EaglePlanJob.c */; };
		8BD9E4471675729A005C3BDE /* EaglePlanOperation.c in Sources */ = {isa = PBXBuildFile; fileRef = 8BD9E3ED16756FF4005C3BDE /* EaglePlanOperation.c */; };
		8BD9E4481675729A005C3BDE /* EagleWorker.c in Sources */ = {isa = PBXBuildFile; fileRef = 8BD9E3F016756FF4005C3BDE /* EagleWorker.c */; };
		8BD9E4491675729A005C3BDE /* EagleWorkers.c in Sources */ = {isa = PBXBuildFile; fileRef = 8BD9E3F216756FF4005C3BDE /* EagleWorkers.c */; };
		8BD9E44C1675729A005C3BDE /* main.c in Sources */ = {isa = PBXBuildFile; fileRef = 8BD9E4171675710B005C3BDE /* main.c */; };
		8BD9E44D1675729A005C3BDE /* DBSuite.c in Sources */ = {isa = PBXBuildFile; fileRef = 8BD9E4191675710B005C3BDE /* DBSuite.c */; };
		8BD9E44E1675729A005C3BDE /* MainSuite.c in Sources */ = {isa = PBXBuildFile; fileRef = 8BD9E41B1675710B005C3BDE /* MainSuite.c */; };
		8BD9E44F1675729A005C3BDE /* TestSuite.c in Sources */ = {isa = PBXBuildFile; fileRef = 8BD9E41D1675710B005C3BDE /* TestSuite.c */; };
/* End PBXBuildFile section */

/* Begin PBXContainerItemProxy section */
		8B1BF7DA1675D7D7007C11E6 /* PBXContainerItemProxy */ = {
			isa = PBXContainerItemProxy;
			containerPortal = 8B9AEAB1166602CC0095B4F5 /* Project object */;
			proxyType = 1;
			remoteGlobalIDString = 8B1BF7D21675D752007C11E6;
			remoteInfo = sqlparser;
		};
		8B1BF7FA167738F5007C11E6 /* PBXContainerItemProxy */ = {
			isa = PBXContainerItemProxy;
			containerPortal = 8B9AEAB1166602CC0095B4F5 /* Project object */;
			proxyType = 1;
			remoteGlobalIDString = 8B9AEAB9166602CC0095B4F5;
			remoteInfo = eagle;
		};
		8B1BF7FC167738FB007C11E6 /* PBXContainerItemProxy */ = {
			isa = PBXContainerItemProxy;
			containerPortal = 8B9AEAB1166602CC0095B4F5 /* Project object */;
			proxyType = 1;
			remoteGlobalIDString = 8B1BF7D21675D752007C11E6;
			remoteInfo = sqlparser;
		};
/* End PBXContainerItemProxy section */

/* Begin PBXCopyFilesBuildPhase section */
		8B9AEAB8166602CC0095B4F5 /* CopyFiles */ = {
			isa = PBXCopyFilesBuildPhase;
			buildActionMask = 2147483647;
			dstPath = /usr/share/man/man1/;
			dstSubfolderSpec = 0;
			files = (
			);
			runOnlyForDeploymentPostprocessing = 1;
		};
		8BA065DA1674399B00991C6B /* CopyFiles */ = {
			isa = PBXCopyFilesBuildPhase;
			buildActionMask = 2147483647;
			dstPath = /usr/share/man/man1/;
			dstSubfolderSpec = 0;
			files = (
			);
			runOnlyForDeploymentPostprocessing = 1;
		};
/* End PBXCopyFilesBuildPhase section */

/* Begin PBXFileReference section */
		8B1BF7C21675852E007C11E6 /* sql.l */ = {isa = PBXFileReference; fileEncoding = 4; lastKnownFileType = sourcecode.lex; path = sql.l; sourceTree = SOURCE_ROOT; };
		8B1BF7C51675852E007C11E6 /* sql.y */ = {isa = PBXFileReference; fileEncoding = 4; lastKnownFileType = sourcecode.yacc; path = sql.y; sourceTree = SOURCE_ROOT; };
		8B1BF7CE1675D007007C11E6 /* EagleDbSqlSelect.h */ = {isa = PBXFileReference; lastKnownFileType = sourcecode.c.h; path = EagleDbSqlSelect.h; sourceTree = "<group>"; };
		8B1BF7D31675D752007C11E6 /* libsqlparser.a */ = {isa = PBXFileReference; explicitFileType = archive.ar; includeInIndex = 0; path = libsqlparser.a; sourceTree = BUILT_PRODUCTS_DIR; };
		8B1BF7E61675DD09007C11E6 /* EagleDbSqlSelect.c */ = {isa = PBXFileReference; fileEncoding = 4; lastKnownFileType = sourcecode.c.c; path = EagleDbSqlSelect.c; sourceTree = "<group>"; };
		8B1BF7E91675F633007C11E6 /* EagleDbSqlBinaryExpression.h */ = {isa = PBXFileReference; lastKnownFileType = sourcecode.c.h; path = EagleDbSqlBinaryExpression.h; sourceTree = "<group>"; };
		8B1BF7EA1675F727007C11E6 /* EagleDbSqlValue.h */ = {isa = PBXFileReference; lastKnownFileType = sourcecode.c.h; path = EagleDbSqlValue.h; sourceTree = "<group>"; };
		8B1BF7EB1675F7AA007C11E6 /* EagleDbSqlValue.c */ = {isa = PBXFileReference; fileEncoding = 4; lastKnownFileType = sourcecode.c.c; path = EagleDbSqlValue.c; sourceTree = "<group>"; };
		8B1BF7F11676FDC9007C11E6 /* EagleDbSqlExpression.h */ = {isa = PBXFileReference; lastKnownFileType = sourcecode.c.h; path = EagleDbSqlExpression.h; sourceTree = "<group>"; };
		8B1BF7F216770173007C11E6 /* EagleDbSqlExpressionOperator.h */ = {isa = PBXFileReference; lastKnownFileType = sourcecode.c.h; path = EagleDbSqlExpressionOperator.h; sourceTree = "<group>"; };
		8B1BF7F316770297007C11E6 /* EagleDbSqlBinaryExpression.c */ = {isa = PBXFileReference; fileEncoding = 4; lastKnownFileType = sourcecode.c.c; path = EagleDbSqlBinaryExpression.c; sourceTree = "<group>"; };
		8B1BF7F61677343F007C11E6 /* EagleSynchronizer.h */ = {isa = PBXFileReference; lastKnownFileType = sourcecode.c.h; path = EagleSynchronizer.h; sourceTree = "<group>"; };
		8B1BF7F7167734FC007C11E6 /* EagleSynchronizer.c */ = {isa = PBXFileReference; fileEncoding = 4; lastKnownFileType = sourcecode.c.c; path = EagleSynchronizer.c; sourceTree = "<group>"; };
		8B1BF7FE16777633007C11E6 /* EagleDbSqlExpression.c */ = {isa = PBXFileReference; fileEncoding = 4; lastKnownFileType = sourcecode.c.c; path = EagleDbSqlExpression.c; sourceTree = "<group>"; };
		8B1BF806167A999D007C11E6 /* EagleDbTable.h */ = {isa = PBXFileReference; lastKnownFileType = sourcecode.c.h; path = EagleDbTable.h; sourceTree = "<group>"; };
		8B1BF808167A9A6C007C11E6 /* EagleDbTable.c */ = {isa = PBXFileReference; fileEncoding = 4; lastKnownFileType = sourcecode.c.c; path = EagleDbTable.c; sourceTree = "<group>"; };
		8B1BF80B167A9B35007C11E6 /* EagleDbColumn.h */ = {isa = PBXFileReference; lastKnownFileType = sourcecode.c.h; path = EagleDbColumn.h; sourceTree = "<group>"; };
		8B1BF80C167A9EB0007C11E6 /* EagleDbColumn.c */ = {isa = PBXFileReference; fileEncoding = 4; lastKnownFileType = sourcecode.c.c; path = EagleDbColumn.c; sourceTree = "<group>"; };
		8B3BB344167C3D4400E282AF /* EagleBoolean.h */ = {isa = PBXFileReference; lastKnownFileType = sourcecode.c.h; path = EagleBoolean.h; sourceTree = "<group>"; };
		8B61FC641675787B00EB6CF9 /* libcunit.1.dylib */ = {isa = PBXFileReference; lastKnownFileType = "compiled.mach-o.dylib"; name = libcunit.1.dylib; path = /usr/local/lib/libcunit.1.dylib; sourceTree = "<absolute>"; };
		8B9AEABA166602CC0095B4F5 /* eagle */ = {isa = PBXFileReference; explicitFileType = "compiled.mach-o.executable"; includeInIndex = 0; path = eagle; sourceTree = BUILT_PRODUCTS_DIR; };
		8BA065DC1674399B00991C6B /* eagle_test */ = {isa = PBXFileReference; explicitFileType = "compiled.mach-o.executable"; includeInIndex = 0; path = eagle_test; sourceTree = BUILT_PRODUCTS_DIR; };
		8BD9E3DB16756FF4005C3BDE /* EagleData.c */ = {isa = PBXFileReference; fileEncoding = 4; lastKnownFileType = sourcecode.c.c; path = EagleData.c; sourceTree = "<group>"; };
		8BD9E3DC16756FF4005C3BDE /* EagleData.h */ = {isa = PBXFileReference; fileEncoding = 4; lastKnownFileType = sourcecode.c.h; path = EagleData.h; sourceTree = "<group>"; };
		8BD9E3DD16756FF4005C3BDE /* EagleInstance.c */ = {isa = PBXFileReference; fileEncoding = 4; lastKnownFileType = sourcecode.c.c; path = EagleInstance.c; sourceTree = "<group>"; };
		8BD9E3DE16756FF4005C3BDE /* EagleInstance.h */ = {isa = PBXFileReference; fileEncoding = 4; lastKnownFileType = sourcecode.c.h; path = EagleInstance.h; sourceTree = "<group>"; };
		8BD9E3DF16756FF4005C3BDE /* EaglePage.c */ = {isa = PBXFileReference; fileEncoding = 4; lastKnownFileType = sourcecode.c.c; path = EaglePage.c; sourceTree = "<group>"; };
		8BD9E3E016756FF4005C3BDE /* EaglePage.h */ = {isa = PBXFileReference; fileEncoding = 4; lastKnownFileType = sourcecode.c.h; path = EaglePage.h; sourceTree = "<group>"; };
		8BD9E3E116756FF4005C3BDE /* EaglePageOperations.c */ = {isa = PBXFileReference; fileEncoding = 4; lastKnownFileType = sourcecode.c.c; path = EaglePageOperations.c; sourceTree = "<group>"; };
		8BD9E3E216756FF4005C3BDE /* EaglePageOperations.h */ = {isa = PBXFileReference; fileEncoding = 4; lastKnownFileType = sourcecode.c.h; path = EaglePageOperations.h; sourceTree = "<group>"; };
		8BD9E3E316756FF4005C3BDE /* EaglePageProvider.c */ = {isa = PBXFileReference; fileEncoding = 4; lastKnownFileType = sourcecode.c.c; path = EaglePageProvider.c; sourceTree = "<group>"; };
		8BD9E3E416756FF4005C3BDE /* EaglePageProvider.h */ = {isa = PBXFileReference; fileEncoding = 4; lastKnownFileType = sourcecode.c.h; path = EaglePageProvider.h; sourceTree = "<group>"; };
		8BD9E3E516756FF4005C3BDE /* EaglePageReceiver.c */ = {isa = PBXFileReference; fileEncoding = 4; lastKnownFileType = sourcecode.c.c; path = EaglePageReceiver.c; sourceTree = "<group>"; };
		8BD9E3E616756FF4005C3BDE /* EaglePageReceiver.h */ = {isa = PBXFileReference; fileEncoding = 4; lastKnownFileType = sourcecode.c.h; path = EaglePageReceiver.h; sourceTree = "<group>"; };
		8BD9E3E716756FF4005C3BDE /* EaglePlan.c */ = {isa = PBXFileReference; fileEncoding = 4; lastKnownFileType = sourcecode.c.c; path = EaglePlan.c; sourceTree = "<group>"; };
		8BD9E3E816756FF4005C3BDE /* EaglePlan.h */ = {isa = PBXFileReference; fileEncoding = 4; lastKnownFileType = sourcecode.c.h; path = EaglePlan.h; sourceTree = "<group>"; };
		8BD9E3E916756FF4005C3BDE /* EaglePlanBufferProvider.c */ = {isa = PBXFileReference; fileEncoding = 4; lastKnownFileType = sourcecode.c.c; path = EaglePlanBufferProvider.c; sourceTree = "<group>"; };
		8BD9E3EA16756FF4005C3BDE /* EaglePlanBufferProvider.h */ = {isa = PBXFileReference; fileEncoding = 4; lastKnownFileType = sourcecode.c.h; path = EaglePlanBufferProvider.h; sourceTree = "<group>"; };
		8BD9E3EB16756FF4005C3BDE /* EaglePlanJob.c */ = {isa = PBXFileReference; fileEncoding = 4; lastKnownFileType = sourcecode.c.c; path = EaglePlanJob.c; sourceTree = "<group>"; };
		8BD9E3EC16756FF4005C3BDE /* EaglePlanJob.h */ = {isa = PBXFileReference; fileEncoding = 4; lastKnownFileType = sourcecode.c.h; path = EaglePlanJob.h; sourceTree = "<group>"; };
		8BD9E3ED16756FF4005C3BDE /* EaglePlanOperation.c */ = {isa = PBXFileReference; fileEncoding = 4; lastKnownFileType = sourcecode.c.c; path = EaglePlanOperation.c; sourceTree = "<group>"; };
		8BD9E3EE16756FF4005C3BDE /* EaglePlanOperation.h */ = {isa = PBXFileReference; fileEncoding = 4; lastKnownFileType = sourcecode.c.h; path = EaglePlanOperation.h; sourceTree = "<group>"; };
		8BD9E3EF16756FF4005C3BDE /* EagleUtils.h */ = {isa = PBXFileReference; fileEncoding = 4; lastKnownFileType = sourcecode.c.h; path = EagleUtils.h; sourceTree = "<group>"; };
		8BD9E3F016756FF4005C3BDE /* EagleWorker.c */ = {isa = PBXFileReference; fileEncoding = 4; lastKnownFileType = sourcecode.c.c; path = EagleWorker.c; sourceTree = "<group>"; };
		8BD9E3F116756FF4005C3BDE /* EagleWorker.h */ = {isa = PBXFileReference; fileEncoding = 4; lastKnownFileType = sourcecode.c.h; path = EagleWorker.h; sourceTree = "<group>"; };
		8BD9E3F216756FF4005C3BDE /* EagleWorkers.c */ = {isa = PBXFileReference; fileEncoding = 4; lastKnownFileType = sourcecode.c.c; path = EagleWorkers.c; sourceTree = "<group>"; };
		8BD9E3F316756FF4005C3BDE /* EagleWorkers.h */ = {isa = PBXFileReference; fileEncoding = 4; lastKnownFileType = sourcecode.c.h; path = EagleWorkers.h; sourceTree = "<group>"; };
		8BD9E3FC16756FF4005C3BDE /* main.c */ = {isa = PBXFileReference; fileEncoding = 4; lastKnownFileType = sourcecode.c.c; path = main.c; sourceTree = "<group>"; };
		8BD9E4171675710B005C3BDE /* main.c */ = {isa = PBXFileReference; lastKnownFileType = sourcecode.c.c; path = main.c; sourceTree = "<group>"; };
		8BD9E4191675710B005C3BDE /* DBSuite.c */ = {isa = PBXFileReference; lastKnownFileType = sourcecode.c.c; path = DBSuite.c; sourceTree = "<group>"; };
		8BD9E41A1675710B005C3BDE /* DBSuite.h */ = {isa = PBXFileReference; lastKnownFileType = sourcecode.c.h; path = DBSuite.h; sourceTree = "<group>"; };
		8BD9E41B1675710B005C3BDE /* MainSuite.c */ = {isa = PBXFileReference; lastKnownFileType = sourcecode.c.c; path = MainSuite.c; sourceTree = "<group>"; };
		8BD9E41C1675710B005C3BDE /* MainSuite.h */ = {isa = PBXFileReference; lastKnownFileType = sourcecode.c.h; path = MainSuite.h; sourceTree = "<group>"; };
		8BD9E41D1675710B005C3BDE /* TestSuite.c */ = {isa = PBXFileReference; lastKnownFileType = sourcecode.c.c; path = TestSuite.c; sourceTree = "<group>"; };
		8BD9E41E1675710B005C3BDE /* TestSuite.h */ = {isa = PBXFileReference; lastKnownFileType = sourcecode.c.h; path = TestSuite.h; sourceTree = "<group>"; };
/* End PBXFileReference section */

/* Begin PBXFrameworksBuildPhase section */
		8B1BF7D01675D752007C11E6 /* Frameworks */ = {
			isa = PBXFrameworksBuildPhase;
			buildActionMask = 2147483647;
			files = (
			);
			runOnlyForDeploymentPostprocessing = 0;
		};
		8B9AEAB7166602CC0095B4F5 /* Frameworks */ = {
			isa = PBXFrameworksBuildPhase;
			buildActionMask = 2147483647;
			files = (
				8B1BF7DC1675D7E0007C11E6 /* libsqlparser.a in Frameworks */,
			);
			runOnlyForDeploymentPostprocessing = 0;
		};
		8BA065D91674399B00991C6B /* Frameworks */ = {
			isa = PBXFrameworksBuildPhase;
			buildActionMask = 2147483647;
			files = (
				8B61FC651675787B00EB6CF9 /* libcunit.1.dylib in Frameworks */,
			);
			runOnlyForDeploymentPostprocessing = 0;
		};
/* End PBXFrameworksBuildPhase section */

/* Begin PBXGroup section */
		8B1BF7D71675D777007C11E6 /* sqlparser */ = {
			isa = PBXGroup;
			children = (
				8B1BF7C21675852E007C11E6 /* sql.l */,
				8B1BF7C51675852E007C11E6 /* sql.y */,
			);
			name = sqlparser;
			sourceTree = "<group>";
		};
		8B9AEAAF166602CC0095B4F5 = {
			isa = PBXGroup;
			children = (
				8B1BF7D71675D777007C11E6 /* sqlparser */,
				8BD9E3D916756FF4005C3BDE /* eagle */,
				8BD9E4161675710B005C3BDE /* eagle_test */,
				8B9AEABB166602CC0095B4F5 /* Products */,
			);
			sourceTree = "<group>";
		};
		8B9AEABB166602CC0095B4F5 /* Products */ = {
			isa = PBXGroup;
			children = (
				8B9AEABA166602CC0095B4F5 /* eagle */,
				8BA065DC1674399B00991C6B /* eagle_test */,
				8B1BF7D31675D752007C11E6 /* libsqlparser.a */,
			);
			name = Products;
			sourceTree = "<group>";
		};
		8BD9E3D916756FF4005C3BDE /* eagle */ = {
			isa = PBXGroup;
			children = (
				8BD9E3FC16756FF4005C3BDE /* main.c */,
				8BD9E3DA16756FF4005C3BDE /* eagle */,
				8BD9E3F416756FF4005C3BDE /* eagledb */,
			);
			path = eagle;
			sourceTree = "<group>";
		};
		8BD9E3DA16756FF4005C3BDE /* eagle */ = {
			isa = PBXGroup;
			children = (
				8B3BB344167C3D4400E282AF /* EagleBoolean.h */,
				8BD9E3DB16756FF4005C3BDE /* EagleData.c */,
				8BD9E3DC16756FF4005C3BDE /* EagleData.h */,
				8BD9E3DD16756FF4005C3BDE /* EagleInstance.c */,
				8BD9E3DE16756FF4005C3BDE /* EagleInstance.h */,
				8BD9E3DF16756FF4005C3BDE /* EaglePage.c */,
				8BD9E3E016756FF4005C3BDE /* EaglePage.h */,
				8BD9E3E116756FF4005C3BDE /* EaglePageOperations.c */,
				8BD9E3E216756FF4005C3BDE /* EaglePageOperations.h */,
				8BD9E3E316756FF4005C3BDE /* EaglePageProvider.c */,
				8BD9E3E416756FF4005C3BDE /* EaglePageProvider.h */,
				8BD9E3E516756FF4005C3BDE /* EaglePageReceiver.c */,
				8BD9E3E616756FF4005C3BDE /* EaglePageReceiver.h */,
				8BD9E3E716756FF4005C3BDE /* EaglePlan.c */,
				8BD9E3E816756FF4005C3BDE /* EaglePlan.h */,
				8BD9E3E916756FF4005C3BDE /* EaglePlanBufferProvider.c */,
				8BD9E3EA16756FF4005C3BDE /* EaglePlanBufferProvider.h */,
				8BD9E3EB16756FF4005C3BDE /* EaglePlanJob.c */,
				8BD9E3EC16756FF4005C3BDE /* EaglePlanJob.h */,
				8BD9E3ED16756FF4005C3BDE /* EaglePlanOperation.c */,
				8BD9E3EE16756FF4005C3BDE /* EaglePlanOperation.h */,
				8B1BF7F7167734FC007C11E6 /* EagleSynchronizer.c */,
				8B1BF7F61677343F007C11E6 /* EagleSynchronizer.h */,
				8BD9E3EF16756FF4005C3BDE /* EagleUtils.h */,
				8BD9E3F016756FF4005C3BDE /* EagleWorker.c */,
				8BD9E3F116756FF4005C3BDE /* EagleWorker.h */,
				8BD9E3F216756FF4005C3BDE /* EagleWorkers.c */,
				8BD9E3F316756FF4005C3BDE /* EagleWorkers.h */,
			);
			path = eagle;
			sourceTree = "<group>";
		};
		8BD9E3F416756FF4005C3BDE /* eagledb */ = {
			isa = PBXGroup;
			children = (
				8B1BF80C167A9EB0007C11E6 /* EagleDbColumn.c */,
				8B1BF80B167A9B35007C11E6 /* EagleDbColumn.h */,
				8B1BF7F316770297007C11E6 /* EagleDbSqlBinaryExpression.c */,
				8B1BF7E91675F633007C11E6 /* EagleDbSqlBinaryExpression.h */,
				8B1BF7FE16777633007C11E6 /* EagleDbSqlExpression.c */,
				8B1BF7F11676FDC9007C11E6 /* EagleDbSqlExpression.h */,
				8B1BF7F216770173007C11E6 /* EagleDbSqlExpressionOperator.h */,
				8B1BF7E61675DD09007C11E6 /* EagleDbSqlSelect.c */,
				8B1BF7CE1675D007007C11E6 /* EagleDbSqlSelect.h */,
				8B1BF7EB1675F7AA007C11E6 /* EagleDbSqlValue.c */,
				8B1BF7EA1675F727007C11E6 /* EagleDbSqlValue.h */,
				8B1BF808167A9A6C007C11E6 /* EagleDbTable.c */,
				8B1BF806167A999D007C11E6 /* EagleDbTable.h */,
			);
			path = eagledb;
			sourceTree = "<group>";
		};
		8BD9E4161675710B005C3BDE /* eagle_test */ = {
			isa = PBXGroup;
			children = (
				8BD9E4171675710B005C3BDE /* main.c */,
				8B61FC641675787B00EB6CF9 /* libcunit.1.dylib */,
				8BD9E4181675710B005C3BDE /* suites */,
				8BD9E41D1675710B005C3BDE /* TestSuite.c */,
				8BD9E41E1675710B005C3BDE /* TestSuite.h */,
			);
			path = eagle_test;
			sourceTree = "<group>";
		};
		8BD9E4181675710B005C3BDE /* suites */ = {
			isa = PBXGroup;
			children = (
				8BD9E4191675710B005C3BDE /* DBSuite.c */,
				8BD9E41A1675710B005C3BDE /* DBSuite.h */,
				8BD9E41B1675710B005C3BDE /* MainSuite.c */,
				8BD9E41C1675710B005C3BDE /* MainSuite.h */,
			);
			path = suites;
			sourceTree = "<group>";
		};
/* End PBXGroup section */

/* Begin PBXHeadersBuildPhase section */
		8B1BF7D11675D752007C11E6 /* Headers */ = {
			isa = PBXHeadersBuildPhase;
			buildActionMask = 2147483647;
			files = (
			);
			runOnlyForDeploymentPostprocessing = 0;
		};
/* End PBXHeadersBuildPhase section */

/* Begin PBXNativeTarget section */
		8B1BF7D21675D752007C11E6 /* sqlparser */ = {
			isa = PBXNativeTarget;
			buildConfigurationList = 8B1BF7D41675D752007C11E6 /* Build configuration list for PBXNativeTarget "sqlparser" */;
			buildPhases = (
				8B1BF7CF1675D752007C11E6 /* Sources */,
				8B1BF7D01675D752007C11E6 /* Frameworks */,
				8B1BF7D11675D752007C11E6 /* Headers */,
			);
			buildRules = (
			);
			dependencies = (
			);
			name = sqlparser;
			productName = sqlparser;
			productReference = 8B1BF7D31675D752007C11E6 /* libsqlparser.a */;
			productType = "com.apple.product-type.library.static";
		};
		8B9AEAB9166602CC0095B4F5 /* eagle */ = {
			isa = PBXNativeTarget;
			buildConfigurationList = 8B9AEAC4166602CD0095B4F5 /* Build configuration list for PBXNativeTarget "eagle" */;
			buildPhases = (
				8B9AEAB6166602CC0095B4F5 /* Sources */,
				8B9AEAB7166602CC0095B4F5 /* Frameworks */,
				8B9AEAB8166602CC0095B4F5 /* CopyFiles */,
			);
			buildRules = (
			);
			dependencies = (
				8B1BF7DB1675D7D7007C11E6 /* PBXTargetDependency */,
			);
			name = eagle;
			productName = eagle;
			productReference = 8B9AEABA166602CC0095B4F5 /* eagle */;
			productType = "com.apple.product-type.tool";
		};
		8BA065DB1674399B00991C6B /* eagle_test */ = {
			isa = PBXNativeTarget;
			buildConfigurationList = 8BA065E31674399B00991C6B /* Build configuration list for PBXNativeTarget "eagle_test" */;
			buildPhases = (
				8BA065D81674399B00991C6B /* Sources */,
				8BA065D91674399B00991C6B /* Frameworks */,
				8BA065DA1674399B00991C6B /* CopyFiles */,
			);
			buildRules = (
			);
			dependencies = (
				8B1BF7FD167738FB007C11E6 /* PBXTargetDependency */,
				8B1BF7FB167738F5007C11E6 /* PBXTargetDependency */,
			);
			name = eagle_test;
			productName = eagle_test;
			productReference = 8BA065DC1674399B00991C6B /* eagle_test */;
			productType = "com.apple.product-type.tool";
		};
/* End PBXNativeTarget section */

/* Begin PBXProject section */
		8B9AEAB1166602CC0095B4F5 /* Project object */ = {
			isa = PBXProject;
			attributes = {
				LastUpgradeCheck = 0450;
				ORGANIZATIONNAME = "Elliot Chance";
			};
			buildConfigurationList = 8B9AEAB4166602CC0095B4F5 /* Build configuration list for PBXProject "eagle" */;
			compatibilityVersion = "Xcode 3.2";
			developmentRegion = English;
			hasScannedForEncodings = 0;
			knownRegions = (
				en,
			);
			mainGroup = 8B9AEAAF166602CC0095B4F5;
			productRefGroup = 8B9AEABB166602CC0095B4F5 /* Products */;
			projectDirPath = "";
			projectRoot = "";
			targets = (
				8B9AEAB9166602CC0095B4F5 /* eagle */,
				8BA065DB1674399B00991C6B /* eagle_test */,
				8B1BF7D21675D752007C11E6 /* sqlparser */,
			);
		};
/* End PBXProject section */

/* Begin PBXSourcesBuildPhase section */
		8B1BF7CF1675D752007C11E6 /* Sources */ = {
			isa = PBXSourcesBuildPhase;
			buildActionMask = 2147483647;
			files = (
				8B1BF7D81675D79A007C11E6 /* sql.l in Sources */,
				8B1BF7D91675D79A007C11E6 /* sql.y in Sources */,
			);
			runOnlyForDeploymentPostprocessing = 0;
		};
		8B9AEAB6166602CC0095B4F5 /* Sources */ = {
			isa = PBXSourcesBuildPhase;
			buildActionMask = 2147483647;
			files = (
				8BD9E41F16757166005C3BDE /* main.c in Sources */,
				8BD9E42016757166005C3BDE /* EagleData.c in Sources */,
				8BD9E42216757166005C3BDE /* EagleInstance.c in Sources */,
				8BD9E42416757166005C3BDE /* EaglePage.c in Sources */,
				8BD9E42616757166005C3BDE /* EaglePageOperations.c in Sources */,
				8BD9E42816757166005C3BDE /* EaglePageProvider.c in Sources */,
				8BD9E42A16757166005C3BDE /* EaglePageReceiver.c in Sources */,
				8BD9E42C16757166005C3BDE /* EaglePlan.c in Sources */,
				8BD9E42E16757166005C3BDE /* EaglePlanBufferProvider.c in Sources */,
				8BD9E43016757166005C3BDE /* EaglePlanJob.c in Sources */,
				8BD9E43216757166005C3BDE /* EaglePlanOperation.c in Sources */,
				8BD9E43516757166005C3BDE /* EagleWorker.c in Sources */,
				8BD9E43716757166005C3BDE /* EagleWorkers.c in Sources */,
				8B1BF7E71675DD09007C11E6 /* EagleDbSqlSelect.c in Sources */,
				8B1BF7EC1675F7AA007C11E6 /* EagleDbSqlValue.c in Sources */,
				8B1BF7F416770297007C11E6 /* EagleDbSqlBinaryExpression.c in Sources */,
				8B1BF7F8167734FD007C11E6 /* EagleSynchronizer.c in Sources */,
				8B1BF7FF16777633007C11E6 /* EagleDbSqlExpression.c in Sources */,
				8B1BF809167A9A6C007C11E6 /* EagleDbTable.c in Sources */,
				8B1BF80D167A9EB0007C11E6 /* EagleDbColumn.c in Sources */,
			);
			runOnlyForDeploymentPostprocessing = 0;
		};
		8BA065D81674399B00991C6B /* Sources */ = {
			isa = PBXSourcesBuildPhase;
			buildActionMask = 2147483647;
			files = (
				8B1BF7E41675DC6A007C11E6 /* sql.l in Sources */,
				8B1BF7E51675DC6A007C11E6 /* sql.y in Sources */,
				8BD9E43E1675729A005C3BDE /* EagleData.c in Sources */,
				8BD9E43F1675729A005C3BDE /* EagleInstance.c in Sources */,
				8BD9E4401675729A005C3BDE /* EaglePage.c in Sources */,
				8BD9E4411675729A005C3BDE /* EaglePageOperations.c in Sources */,
				8BD9E4421675729A005C3BDE /* EaglePageProvider.c in Sources */,
				8BD9E4431675729A005C3BDE /* EaglePageReceiver.c in Sources */,
				8BD9E4441675729A005C3BDE /* EaglePlan.c in Sources */,
				8BD9E4451675729A005C3BDE /* EaglePlanBufferProvider.c in Sources */,
				8BD9E4461675729A005C3BDE /* EaglePlanJob.c in Sources */,
				8BD9E4471675729A005C3BDE /* EaglePlanOperation.c in Sources */,
				8BD9E4481675729A005C3BDE /* EagleWorker.c in Sources */,
				8BD9E4491675729A005C3BDE /* EagleWorkers.c in Sources */,
				8BD9E44C1675729A005C3BDE /* main.c in Sources */,
				8BD9E44D1675729A005C3BDE /* DBSuite.c in Sources */,
				8BD9E44E1675729A005C3BDE /* MainSuite.c in Sources */,
				8BD9E44F1675729A005C3BDE /* TestSuite.c in Sources */,
				8B1BF7E81675DD09007C11E6 /* EagleDbSqlSelect.c in Sources */,
				8B1BF7ED1675F7AA007C11E6 /* EagleDbSqlValue.c in Sources */,
				8B1BF7F516770297007C11E6 /* EagleDbSqlBinaryExpression.c in Sources */,
				8B1BF7F9167734FD007C11E6 /* EagleSynchronizer.c in Sources */,
				8B1BF80016777633007C11E6 /* EagleDbSqlExpression.c in Sources */,
				8B1BF80A167A9A6C007C11E6 /* EagleDbTable.c in Sources */,
				8B1BF80E167A9EB0007C11E6 /* EagleDbColumn.c in Sources */,
			);
			runOnlyForDeploymentPostprocessing = 0;
		};
/* End PBXSourcesBuildPhase section */

/* Begin PBXTargetDependency section */
		8B1BF7DB1675D7D7007C11E6 /* PBXTargetDependency */ = {
			isa = PBXTargetDependency;
			target = 8B1BF7D21675D752007C11E6 /* sqlparser */;
			targetProxy = 8B1BF7DA1675D7D7007C11E6 /* PBXContainerItemProxy */;
		};
		8B1BF7FB167738F5007C11E6 /* PBXTargetDependency */ = {
			isa = PBXTargetDependency;
			target = 8B9AEAB9166602CC0095B4F5 /* eagle */;
			targetProxy = 8B1BF7FA167738F5007C11E6 /* PBXContainerItemProxy */;
		};
		8B1BF7FD167738FB007C11E6 /* PBXTargetDependency */ = {
			isa = PBXTargetDependency;
			target = 8B1BF7D21675D752007C11E6 /* sqlparser */;
			targetProxy = 8B1BF7FC167738FB007C11E6 /* PBXContainerItemProxy */;
		};
/* End PBXTargetDependency section */

/* Begin XCBuildConfiguration section */
		8B1BF7D51675D752007C11E6 /* Debug */ = {
			isa = XCBuildConfiguration;
			buildSettings = {
				EXECUTABLE_PREFIX = lib;
				PRODUCT_NAME = "$(TARGET_NAME)";
			};
			name = Debug;
		};
		8B1BF7D61675D752007C11E6 /* Release */ = {
			isa = XCBuildConfiguration;
			buildSettings = {
				EXECUTABLE_PREFIX = lib;
				PRODUCT_NAME = "$(TARGET_NAME)";
			};
			name = Release;
		};
		8B9AEAC2166602CD0095B4F5 /* Debug */ = {
			isa = XCBuildConfiguration;
			buildSettings = {
				ALWAYS_SEARCH_USER_PATHS = NO;
				ARCHS = "$(ARCHS_STANDARD_64_BIT)";
				CLANG_CXX_LANGUAGE_STANDARD = "gnu++0x";
				CLANG_CXX_LIBRARY = "libc++";
				CLANG_WARN_EMPTY_BODY = YES;
				CLANG_WARN__DUPLICATE_METHOD_MATCH = YES;
				COPY_PHASE_STRIP = NO;
				GCC_C_LANGUAGE_STANDARD = gnu99;
				GCC_DYNAMIC_NO_PIC = NO;
				GCC_ENABLE_OBJC_EXCEPTIONS = YES;
				GCC_OPTIMIZATION_LEVEL = 0;
				GCC_PREPROCESSOR_DEFINITIONS = (
					"DEBUG=1",
					"$(inherited)",
				);
				GCC_SYMBOLS_PRIVATE_EXTERN = NO;
				GCC_WARN_64_TO_32_BIT_CONVERSION = YES;
				GCC_WARN_ABOUT_RETURN_TYPE = YES;
				GCC_WARN_UNINITIALIZED_AUTOS = YES;
				GCC_WARN_UNUSED_VARIABLE = YES;
				MACOSX_DEPLOYMENT_TARGET = 10.8;
				ONLY_ACTIVE_ARCH = YES;
				SDKROOT = macosx;
			};
			name = Debug;
		};
		8B9AEAC3166602CD0095B4F5 /* Release */ = {
			isa = XCBuildConfiguration;
			buildSettings = {
				ALWAYS_SEARCH_USER_PATHS = NO;
				ARCHS = "$(ARCHS_STANDARD_64_BIT)";
				CLANG_CXX_LANGUAGE_STANDARD = "gnu++0x";
				CLANG_CXX_LIBRARY = "libc++";
				CLANG_WARN_EMPTY_BODY = YES;
				CLANG_WARN__DUPLICATE_METHOD_MATCH = YES;
				COPY_PHASE_STRIP = YES;
				DEBUG_INFORMATION_FORMAT = "dwarf-with-dsym";
				GCC_C_LANGUAGE_STANDARD = gnu99;
				GCC_ENABLE_OBJC_EXCEPTIONS = YES;
				GCC_WARN_64_TO_32_BIT_CONVERSION = YES;
				GCC_WARN_ABOUT_RETURN_TYPE = YES;
				GCC_WARN_UNINITIALIZED_AUTOS = YES;
				GCC_WARN_UNUSED_VARIABLE = YES;
				MACOSX_DEPLOYMENT_TARGET = 10.8;
				SDKROOT = macosx;
			};
			name = Release;
		};
		8B9AEAC5166602CD0095B4F5 /* Debug */ = {
			isa = XCBuildConfiguration;
			buildSettings = {
				CLANG_ANALYZER_SECURITY_FLOATLOOPCOUNTER = YES;
				CLANG_ANALYZER_SECURITY_INSECUREAPI_RAND = YES;
				CLANG_ANALYZER_SECURITY_INSECUREAPI_STRCPY = YES;
				CLANG_WARN_IMPLICIT_SIGN_CONVERSION = YES;
				CLANG_WARN_SUSPICIOUS_IMPLICIT_CONVERSION = YES;
				GCC_C_LANGUAGE_STANDARD = ansi;
				GCC_OPTIMIZATION_LEVEL = 3;
				GCC_TREAT_IMPLICIT_FUNCTION_DECLARATIONS_AS_ERRORS = YES;
				GCC_TREAT_INCOMPATIBLE_POINTER_TYPE_WARNINGS_AS_ERRORS = YES;
				GCC_TREAT_WARNINGS_AS_ERRORS = YES;
				GCC_UNROLL_LOOPS = YES;
				GCC_WARN_ABOUT_MISSING_FIELD_INITIALIZERS = YES;
				GCC_WARN_ABOUT_MISSING_NEWLINE = YES;
				GCC_WARN_ABOUT_MISSING_PROTOTYPES = YES;
				GCC_WARN_FOUR_CHARACTER_CONSTANTS = YES;
				GCC_WARN_INITIALIZER_NOT_FULLY_BRACKETED = YES;
				GCC_WARN_PEDANTIC = YES;
				GCC_WARN_SHADOW = YES;
				GCC_WARN_SIGN_COMPARE = YES;
				GCC_WARN_UNKNOWN_PRAGMAS = YES;
				OTHER_LDFLAGS = "-ll";
				PRODUCT_NAME = "$(TARGET_NAME)";
			};
			name = Debug;
		};
		8B9AEAC6166602CD0095B4F5 /* Release */ = {
			isa = XCBuildConfiguration;
			buildSettings = {
				CLANG_ANALYZER_SECURITY_FLOATLOOPCOUNTER = YES;
				CLANG_ANALYZER_SECURITY_INSECUREAPI_RAND = YES;
				CLANG_ANALYZER_SECURITY_INSECUREAPI_STRCPY = YES;
				CLANG_WARN_IMPLICIT_SIGN_CONVERSION = YES;
				CLANG_WARN_SUSPICIOUS_IMPLICIT_CONVERSION = YES;
				GCC_C_LANGUAGE_STANDARD = ansi;
				GCC_OPTIMIZATION_LEVEL = 3;
				GCC_TREAT_IMPLICIT_FUNCTION_DECLARATIONS_AS_ERRORS = YES;
				GCC_TREAT_INCOMPATIBLE_POINTER_TYPE_WARNINGS_AS_ERRORS = YES;
				GCC_TREAT_WARNINGS_AS_ERRORS = YES;
				GCC_UNROLL_LOOPS = YES;
				GCC_WARN_ABOUT_MISSING_FIELD_INITIALIZERS = YES;
				GCC_WARN_ABOUT_MISSING_NEWLINE = YES;
				GCC_WARN_ABOUT_MISSING_PROTOTYPES = YES;
				GCC_WARN_FOUR_CHARACTER_CONSTANTS = YES;
				GCC_WARN_INITIALIZER_NOT_FULLY_BRACKETED = YES;
				GCC_WARN_PEDANTIC = YES;
				GCC_WARN_SHADOW = YES;
				GCC_WARN_SIGN_COMPARE = YES;
				GCC_WARN_UNKNOWN_PRAGMAS = YES;
				OTHER_LDFLAGS = "-ll";
				PRODUCT_NAME = "$(TARGET_NAME)";
			};
			name = Release;
		};
		8BA065E41674399B00991C6B /* Debug */ = {
			isa = XCBuildConfiguration;
			buildSettings = {
				GCC_GENERATE_TEST_COVERAGE_FILES = YES;
				GCC_INSTRUMENT_PROGRAM_FLOW_ARCS = YES;
				HEADER_SEARCH_PATHS = /usr/local/include;
				LIBRARY_SEARCH_PATHS = /usr/local/lib;
				OTHER_CFLAGS = "-lgcov";
				OTHER_LDFLAGS = "-ll";
				PRODUCT_NAME = "$(TARGET_NAME)";
			};
			name = Debug;
		};
		8BA065E51674399B00991C6B /* Release */ = {
			isa = XCBuildConfiguration;
			buildSettings = {
				GCC_GENERATE_TEST_COVERAGE_FILES = YES;
				GCC_INSTRUMENT_PROGRAM_FLOW_ARCS = YES;
				HEADER_SEARCH_PATHS = /usr/local/include;
				LIBRARY_SEARCH_PATHS = /usr/local/lib;
				OTHER_CFLAGS = "-lgcov";
				OTHER_LDFLAGS = "-ll";
				PRODUCT_NAME = "$(TARGET_NAME)";
			};
			name = Release;
		};
/* End XCBuildConfiguration section */

/* Begin XCConfigurationList section */
		8B1BF7D41675D752007C11E6 /* Build configuration list for PBXNativeTarget "sqlparser" */ = {
			isa = XCConfigurationList;
			buildConfigurations = (
				8B1BF7D51675D752007C11E6 /* Debug */,
				8B1BF7D61675D752007C11E6 /* Release */,
			);
			defaultConfigurationIsVisible = 0;
			defaultConfigurationName = Release;
		};
		8B9AEAB4166602CC0095B4F5 /* Build configuration list for PBXProject "eagle" */ = {
			isa = XCConfigurationList;
			buildConfigurations = (
				8B9AEAC2166602CD0095B4F5 /* Debug */,
				8B9AEAC3166602CD0095B4F5 /* Release */,
			);
			defaultConfigurationIsVisible = 0;
			defaultConfigurationName = Release;
		};
		8B9AEAC4166602CD0095B4F5 /* Build configuration list for PBXNativeTarget "eagle" */ = {
			isa = XCConfigurationList;
			buildConfigurations = (
				8B9AEAC5166602CD0095B4F5 /* Debug */,
				8B9AEAC6166602CD0095B4F5 /* Release */,
			);
			defaultConfigurationIsVisible = 0;
			defaultConfigurationName = Release;
		};
		8BA065E31674399B00991C6B /* Build configuration list for PBXNativeTarget "eagle_test" */ = {
			isa = XCConfigurationList;
			buildConfigurations = (
				8BA065E41674399B00991C6B /* Debug */,
				8BA065E51674399B00991C6B /* Release */,
			);
			defaultConfigurationIsVisible = 0;
			defaultConfigurationName = Release;
		};
/* End XCConfigurationList section */
	};
	rootObject = 8B9AEAB1166602CC0095B4F5 /* Project object */;
}
